lockfileVersion: 5.3

specifiers:
  rxjs: ^7.3.0

devDependencies:
  rxjs: 7.3.0

packages:

  /rxjs/7.3.0:
    resolution: {integrity: sha512-p2yuGIg9S1epc3vrjKf6iVb3RCaAYjYskkO+jHIaV0IjOPlJop4UnodOoFb2xeNwlguqLYvGw1b1McillYb5Gw==}
    dependencies:
      tslib: 2.1.0
    dev: true

  /tslib/2.1.0:
    resolution: {integrity: sha512-hcVC3wYEziELGGmEEXue7D75zbwIIVUMWAVbHItGPx0ziyXxrOMQx4rQEVEV45Ut/1IotuEvwqPopzIOkDMf0A==}
    dev: true
